lockfileVersion: '9.0'

settings:
  autoInstallPeers: true
  excludeLinksFromLockfile: false

importers:

  .:
    dependencies:
      openai:
        specifier: ^6.1.0
        version: 6.1.0

packages:

  openai@6.1.0:
    resolution: {integrity: sha512-5sqb1wK67HoVgGlsPwcH2bUbkg66nnoIYKoyV9zi5pZPqh7EWlmSrSDjAh4O5jaIg/0rIlcDKBtWvZBuacmGZg==}
    hasBin: true
    peerDependencies:
      ws: ^8.18.0
      zod: ^3.25 || ^4.0
    peerDependenciesMeta:
      ws:
        optional: true
      zod:
        optional: true

snapshots:

  openai@6.1.0: {}
