lockfileVersion: '9.0'

settings:
  autoInstallPeers: true
  excludeLinksFromLockfile: false

importers:

  .:
    dependencies:
      dotenv:
        specifier: ^17.2.3
        version: 17.2.3
      openai:
        specifier: ^6.1.0
        version: 6.1.0

packages:

  dotenv@17.2.3:
    resolution: {integrity: sha512-JVUnt+DUIzu87TABbhPmNfVdBDt18BLOWjMUFJMSi/Qqg7NTYtabbvSNJGOJ7afbRuv9D/lngizHtP7QyLQ+9w==}
    engines: {node: '>=12'}

  openai@6.1.0:
    resolution: {integrity: sha512-5sqb1wK67HoVgGlsPwcH2bUbkg66nnoIYKoyV9zi5pZPqh7EWlmSrSDjAh4O5jaIg/0rIlcDKBtWvZBuacmGZg==}
    hasBin: true
    peerDependencies:
      ws: ^8.18.0
      zod: ^3.25 || ^4.0
    peerDependenciesMeta:
      ws:
        optional: true
      zod:
        optional: true

snapshots:

  dotenv@17.2.3: {}

  openai@6.1.0: {}
